// !$*UTF8*$!
{
	archiveVersion = 1;
	classes = {
	};
	objectVersion = 56;
	objects = {

/* Begin PBXBuildFile section */
		B94F92162B660CAB00B8D753 /* SmartlySplitApp.swift in Sources */ = {isa = PBXBuildFile; fileRef = B94F92152B660CAB00B8D753 /* SmartlySplitApp.swift */; };
		B94F92182B660CAB00B8D753 /* ContentView.swift in Sources */ = {isa = PBXBuildFile; fileRef = B94F92172B660CAB00B8D753 /* ContentView.swift */; };
		B94F921A2B660CAB00B8D753 /* Item.swift in Sources */ = {isa = PBXBuildFile; fileRef = B94F92192B660CAB00B8D753 /* Item.swift */; };
		B94F921C2B660CAB00B8D753 /* Assets.xcassets in Resources */ = {isa = PBXBuildFile; fileRef = B94F921B2B660CAB00B8D753 /* Assets.xcassets */; };
		B94F921F2B660CAB00B8D753 /* Preview Assets.xcassets in Resources */ = {isa = PBXBuildFile; fileRef = B94F921E2B660CAB00B8D753 /* Preview Assets.xcassets */; };
		B94F92292B660CAB00B8D753 /* SmartlySplitTests.swift in Sources */ = {isa = PBXBuildFile; fileRef = B94F92282B660CAB00B8D753 /* SmartlySplitTests.swift */; };
		B94F92332B660CAB00B8D753 /* SmartlySplitUITests.swift in Sources */ = {isa = PBXBuildFile; fileRef = B94F92322B660CAB00B8D753 /* SmartlySplitUITests.swift */; };
		B94F92352B660CAB00B8D753 /* SmartlySplitUITestsLaunchTests.swift in Sources */ = {isa = PBXBuildFile; fileRef = B94F92342B660CAB00B8D753 /* SmartlySplitUITestsLaunchTests.swift */; };
/* End PBXBuildFile section */

/* Begin PBXContainerItemProxy section */
		B94F92252B660CAB00B8D753 /* PBXContainerItemProxy */ = {
			isa = PBXContainerItemProxy;
			containerPortal = B94F920A2B660CAB00B8D753 /* Project object */;
			proxyType = 1;
			remoteGlobalIDString = B94F92112B660CAB00B8D753;
			remoteInfo = SmartlySplit;
		};
		B94F922F2B660CAB00B8D753 /* PBXContainerItemProxy */ = {
			isa = PBXContainerItemProxy;
			containerPortal = B94F920A2B660CAB00B8D753 /* Project object */;
			proxyType = 1;
			remoteGlobalIDString = B94F92112B660CAB00B8D753;
			remoteInfo = SmartlySplit;
		};
/* End PBXContainerItemProxy section */

/* Begin PBXFileReference section */
		B94F92122B660CAB00B8D753 /* SmartlySplit.app */ = {isa = PBXFileReference; explicitFileType = wrapper.application; includeInIndex = 0; path = SmartlySplit.app; sourceTree = BUILT_PRODUCTS_DIR; };
		B94F92152B660CAB00B8D753 /* SmartlySplitApp.swift */ = {isa = PBXFileReference; lastKnownFileType = sourcecode.swift; path = SmartlySplitApp.swift; sourceTree = "<group>"; };
		B94F92172B660CAB00B8D753 /* ContentView.swift */ = {isa = PBXFileReference; lastKnownFileType = sourcecode.swift; path = ContentView.swift; sourceTree = "<group>"; };
		B94F92192B660CAB00B8D753 /* Item.swift */ = {isa = PBXFileReference; lastKnownFileType = sourcecode.swift; path = Item.swift; sourceTree = "<group>"; };
		B94F921B2B660CAB00B8D753 /* Assets.xcassets */ = {isa = PBXFileReference; lastKnownFileType = folder.assetcatalog; path = Assets.xcassets; sourceTree = "<group>"; };
		B94F921E2B660CAB00B8D753 /* Preview Assets.xcassets */ = {isa = PBXFileReference; lastKnownFileType = folder.assetcatalog; path = "Preview Assets.xcassets"; sourceTree = "<group>"; };
		B94F92242B660CAB00B8D753 /* SmartlySplitTests.xctest */ = {isa = PBXFileReference; explicitFileType = wrapper.cfbundle; includeInIndex = 0; path = SmartlySplitTests.xctest; sourceTree = BUILT_PRODUCTS_DIR; };
		B94F92282B660CAB00B8D753 /* SmartlySplitTests.swift */ = {isa = PBXFileReference; lastKnownFileType = sourcecode.swift; path = SmartlySplitTests.swift; sourceTree = "<group>"; };
		B94F922E2B660CAB00B8D753 /* SmartlySplitUITests.xctest */ = {isa = PBXFileReference; explicitFileType = wrapper.cfbundle; includeInIndex = 0; path = SmartlySplitUITests.xctest; sourceTree = BUILT_PRODUCTS_DIR; };
		B94F92322B660CAB00B8D753 /* SmartlySplitUITests.swift */ = {isa = PBXFileReference; lastKnownFileType = sourcecode.swift; path = SmartlySplitUITests.swift; sourceTree = "<group>"; };
		B94F92342B660CAB00B8D753 /* SmartlySplitUITestsLaunchTests.swift */ = {isa = PBXFileReference; lastKnownFileType = sourcecode.swift; path = SmartlySplitUITestsLaunchTests.swift; sourceTree = "<group>"; };
/* End PBXFileReference section */

/* Begin PBXFrameworksBuildPhase section */
		B94F920F2B660CAB00B8D753 /* Frameworks */ = {
			isa = PBXFrameworksBuildPhase;
			buildActionMask = 2147483647;
			files = (
			);
			runOnlyForDeploymentPostprocessing = 0;
		};
		B94F92212B660CAB00B8D753 /* Frameworks */ = {
			isa = PBXFrameworksBuildPhase;
			buildActionMask = 2147483647;
			files = (
			);
			runOnlyForDeploymentPostprocessing = 0;
		};
		B94F922B2B660CAB00B8D753 /* Frameworks */ = {
			isa = PBXFrameworksBuildPhase;
			buildActionMask = 2147483647;
			files = (
			);
			runOnlyForDeploymentPostprocessing = 0;
		};
/* End PBXFrameworksBuildPhase section */

/* Begin PBXGroup section */
		B94F92092B660CAB00B8D753 = {
			isa = PBXGroup;
			children = (
				B94F92142B660CAB00B8D753 /* SmartlySplit */,
				B94F92272B660CAB00B8D753 /* SmartlySplitTests */,
				B94F92312B660CAB00B8D753 /* SmartlySplitUITests */,
				B94F92132B660CAB00B8D753 /* Products */,
			);
			sourceTree = "<group>";
		};
		B94F92132B660CAB00B8D753 /* Products */ = {
			isa = PBXGroup;
			children = (
				B94F92122B660CAB00B8D753 /* SmartlySplit.app */,
				B94F92242B660CAB00B8D753 /* SmartlySplitTests.xctest */,
				B94F922E2B660CAB00B8D753 /* SmartlySplitUITests.xctest */,
			);
			name = Products;
			sourceTree = "<group>";
		};
		B94F92142B660CAB00B8D753 /* SmartlySplit */ = {
			isa = PBXGroup;
			children = (
				B94F92152B660CAB00B8D753 /* SmartlySplitApp.swift */,
				B94F92172B660CAB00B8D753 /* ContentView.swift */,
				B94F92192B660CAB00B8D753 /* Item.swift */,
				B94F921B2B660CAB00B8D753 /* Assets.xcassets */,
				B94F921D2B660CAB00B8D753 /* Preview Content */,
			);
			path = SmartlySplit;
			sourceTree = "<group>";
		};
		B94F921D2B660CAB00B8D753 /* Preview Content */ = {
			isa = PBXGroup;
			children = (
				B94F921E2B660CAB00B8D753 /* Preview Assets.xcassets */,
			);
			path = "Preview Content";
			sourceTree = "<group>";
		};
		B94F92272B660CAB00B8D753 /* SmartlySplitTests */ = {
			isa = PBXGroup;
			children = (
				B94F92282B660CAB00B8D753 /* SmartlySplitTests.swift */,
			);
			path = SmartlySplitTests;
			sourceTree = "<group>";
		};
		B94F92312B660CAB00B8D753 /* SmartlySplitUITests */ = {
			isa = PBXGroup;
			children = (
				B94F92322B660CAB00B8D753 /* SmartlySplitUITests.swift */,
				B94F92342B660CAB00B8D753 /* SmartlySplitUITestsLaunchTests.swift */,
			);
			path = SmartlySplitUITests;
			sourceTree = "<group>";
		};
/* End PBXGroup section */

/* Begin PBXNativeTarget section */
		B94F92112B660CAB00B8D753 /* SmartlySplit */ = {
			isa = PBXNativeTarget;
			buildConfigurationList = B94F92382B660CAB00B8D753 /* Build configuration list for PBXNativeTarget "SmartlySplit" */;
			buildPhases = (
				B94F920E2B660CAB00B8D753 /* Sources */,
				B94F920F2B660CAB00B8D753 /* Frameworks */,
				B94F92102B660CAB00B8D753 /* Resources */,
			);
			buildRules = (
			);
			dependencies = (
			);
			name = SmartlySplit;
			productName = SmartlySplit;
			productReference = B94F92122B660CAB00B8D753 /* SmartlySplit.app */;
			productType = "com.apple.product-type.application";
		};
		B94F92232B660CAB00B8D753 /* SmartlySplitTests */ = {
			isa = PBXNativeTarget;
			buildConfigurationList = B94F923B2B660CAB00B8D753 /* Build configuration list for PBXNativeTarget "SmartlySplitTests" */;
			buildPhases = (
				B94F92202B660CAB00B8D753 /* Sources */,
				B94F92212B660CAB00B8D753 /* Frameworks */,
				B94F92222B660CAB00B8D753 /* Resources */,
			);
			buildRules = (
			);
			dependencies = (
				B94F92262B660CAB00B8D753 /* PBXTargetDependency */,
			);
			name = SmartlySplitTests;
			productName = SmartlySplitTests;
			productReference = B94F92242B660CAB00B8D753 /* SmartlySplitTests.xctest */;
			productType = "com.apple.product-type.bundle.unit-test";
		};
		B94F922D2B660CAB00B8D753 /* SmartlySplitUITests */ = {
			isa = PBXNativeTarget;
			buildConfigurationList = B94F923E2B660CAB00B8D753 /* Build configuration list for PBXNativeTarget "SmartlySplitUITests" */;
			buildPhases = (
				B94F922A2B660CAB00B8D753 /* Sources */,
				B94F922B2B660CAB00B8D753 /* Frameworks */,
				B94F922C2B660CAB00B8D753 /* Resources */,
			);
			buildRules = (
			);
			dependencies = (
				B94F92302B660CAB00B8D753 /* PBXTargetDependency */,
			);
			name = SmartlySplitUITests;
			productName = SmartlySplitUITests;
			productReference = B94F922E2B660CAB00B8D753 /* SmartlySplitUITests.xctest */;
			productType = "com.apple.product-type.bundle.ui-testing";
		};
/* End PBXNativeTarget section */

/* Begin PBXProject section */
		B94F920A2B660CAB00B8D753 /* Project object */ = {
			isa = PBXProject;
			attributes = {
				BuildIndependentTargetsInParallel = 1;
				LastSwiftUpdateCheck = 1500;
				LastUpgradeCheck = 1500;
				TargetAttributes = {
					B94F92112B660CAB00B8D753 = {
						CreatedOnToolsVersion = 15.0.1;
					};
					B94F92232B660CAB00B8D753 = {
						CreatedOnToolsVersion = 15.0.1;
						TestTargetID = B94F92112B660CAB00B8D753;
					};
					B94F922D2B660CAB00B8D753 = {
						CreatedOnToolsVersion = 15.0.1;
						TestTargetID = B94F92112B660CAB00B8D753;
					};
				};
			};
			buildConfigurationList = B94F920D2B660CAB00B8D753 /* Build configuration list for PBXProject "SmartlySplit" */;
			compatibilityVersion = "Xcode 14.0";
			developmentRegion = en;
			hasScannedForEncodings = 0;
			knownRegions = (
				en,
				Base,
			);
			mainGroup = B94F92092B660CAB00B8D753;
			productRefGroup = B94F92132B660CAB00B8D753 /* Products */;
			projectDirPath = "";
			projectRoot = "";
			targets = (
				B94F92112B660CAB00B8D753 /* SmartlySplit */,
				B94F92232B660CAB00B8D753 /* SmartlySplitTests */,
				B94F922D2B660CAB00B8D753 /* SmartlySplitUITests */,
			);
		};
/* End PBXProject section */

/* Begin PBXResourcesBuildPhase section */
		B94F92102B660CAB00B8D753 /* Resources */ = {
			isa = PBXResourcesBuildPhase;
			buildActionMask = 2147483647;
			files = (
				B94F921F2B660CAB00B8D753 /* Preview Assets.xcassets in Resources */,
				B94F921C2B660CAB00B8D753 /* Assets.xcassets in Resources */,
			);
			runOnlyForDeploymentPostprocessing = 0;
		};
		B94F92222B660CAB00B8D753 /* Resources */ = {
			isa = PBXResourcesBuildPhase;
			buildActionMask = 2147483647;
			files = (
			);
			runOnlyForDeploymentPostprocessing = 0;
		};
		B94F922C2B660CAB00B8D753 /* Resources */ = {
			isa = PBXResourcesBuildPhase;
			buildActionMask = 2147483647;
			files = (
			);
			runOnlyForDeploymentPostprocessing = 0;
		};
/* End PBXResourcesBuildPhase section */

/* Begin PBXSourcesBuildPhase section */
		B94F920E2B660CAB00B8D753 /* Sources */ = {
			isa = PBXSourcesBuildPhase;
			buildActionMask = 2147483647;
			files = (
				B94F92182B660CAB00B8D753 /* ContentView.swift in Sources */,
				B94F921A2B660CAB00B8D753 /* Item.swift in Sources */,
				B94F92162B660CAB00B8D753 /* SmartlySplitApp.swift in Sources */,
			);
			runOnlyForDeploymentPostprocessing = 0;
		};
		B94F92202B660CAB00B8D753 /* Sources */ = {
			isa = PBXSourcesBuildPhase;
			buildActionMask = 2147483647;
			files = (
				B94F92292B660CAB00B8D753 /* SmartlySplitTests.swift in Sources */,
			);
			runOnlyForDeploymentPostprocessing = 0;
		};
		B94F922A2B660CAB00B8D753 /* Sources */ = {
			isa = PBXSourcesBuildPhase;
			buildActionMask = 2147483647;
			files = (
				B94F92352B660CAB00B8D753 /* SmartlySplitUITestsLaunchTests.swift in Sources */,
				B94F92332B660CAB00B8D753 /* SmartlySplitUITests.swift in Sources */,
			);
			runOnlyForDeploymentPostprocessing = 0;
		};
/* End PBXSourcesBuildPhase section */

/* Begin PBXTargetDependency section */
		B94F92262B660CAB00B8D753 /* PBXTargetDependency */ = {
			isa = PBXTargetDependency;
			target = B94F92112B660CAB00B8D753 /* SmartlySplit */;
			targetProxy = B94F92252B660CAB00B8D753 /* PBXContainerItemProxy */;
		};
		B94F92302B660CAB00B8D753 /* PBXTargetDependency */ = {
			isa = PBXTargetDependency;
			target = B94F92112B660CAB00B8D753 /* SmartlySplit */;
			targetProxy = B94F922F2B660CAB00B8D753 /* PBXContainerItemProxy */;
		};
/* End PBXTargetDependency section */

/* Begin XCBuildConfiguration section */
		B94F92362B660CAB00B8D753 /* Debug */ = {
			isa = XCBuildConfiguration;
			buildSettings = {
				ALWAYS_SEARCH_USER_PATHS = NO;
				ASSETCATALOG_COMPILER_GENERATE_SWIFT_ASSET_SYMBOL_EXTENSIONS = YES;
				CLANG_ANALYZER_NONNULL = YES;
				CLANG_ANALYZER_NUMBER_OBJECT_CONVERSION = YES_AGGRESSIVE;
				CLANG_CXX_LANGUAGE_STANDARD = "gnu++20";
				CLANG_ENABLE_MODULES = YES;
				CLANG_ENABLE_OBJC_ARC = YES;
				CLANG_ENABLE_OBJC_WEAK = YES;
				CLANG_WARN_BLOCK_CAPTURE_AUTORELEASING = YES;
				CLANG_WARN_BOOL_CONVERSION = YES;
				CLANG_WARN_COMMA = YES;
				CLANG_WARN_CONSTANT_CONVERSION = YES;
				CLANG_WARN_DEPRECATED_OBJC_IMPLEMENTATIONS = YES;
				CLANG_WARN_DIRECT_OBJC_ISA_USAGE = YES_ERROR;
				CLANG_WARN_DOCUMENTATION_COMMENTS = YES;
				CLANG_WARN_EMPTY_BODY = YES;
				CLANG_WARN_ENUM_CONVERSION = YES;
				CLANG_WARN_INFINITE_RECURSION = YES;
				CLANG_WARN_INT_CONVERSION = YES;
				CLANG_WARN_NON_LITERAL_NULL_CONVERSION = YES;
				CLANG_WARN_OBJC_IMPLICIT_RETAIN_SELF = YES;
				CLANG_WARN_OBJC_LITERAL_CONVERSION = YES;
				CLANG_WARN_OBJC_ROOT_CLASS = YES_ERROR;
				CLANG_WARN_QUOTED_INCLUDE_IN_FRAMEWORK_HEADER = YES;
				CLANG_WARN_RANGE_LOOP_ANALYSIS = YES;
				CLANG_WARN_STRICT_PROTOTYPES = YES;
				CLANG_WARN_SUSPICIOUS_MOVE = YES;
				CLANG_WARN_UNGUARDED_AVAILABILITY = YES_AGGRESSIVE;
				CLANG_WARN_UNREACHABLE_CODE = YES;
				CLANG_WARN__DUPLICATE_METHOD_MATCH = YES;
				COPY_PHASE_STRIP = NO;
				DEBUG_INFORMATION_FORMAT = dwarf;
				ENABLE_STRICT_OBJC_MSGSEND = YES;
				ENABLE_TESTABILITY = YES;
				ENABLE_USER_SCRIPT_SANDBOXING = YES;
				GCC_C_LANGUAGE_STANDARD = gnu17;
				GCC_DYNAMIC_NO_PIC = NO;
				GCC_NO_COMMON_BLOCKS = YES;
				GCC_OPTIMIZATION_LEVEL = 0;
				GCC_PREPROCESSOR_DEFINITIONS = (
					"DEBUG=1",
					"$(inherited)",
				);
				GCC_WARN_64_TO_32_BIT_CONVERSION = YES;
				GCC_WARN_ABOUT_RETURN_TYPE = YES_ERROR;
				GCC_WARN_UNDECLARED_SELECTOR = YES;
				GCC_WARN_UNINITIALIZED_AUTOS = YES_AGGRESSIVE;
				GCC_WARN_UNUSED_FUNCTION = YES;
				GCC_WARN_UNUSED_VARIABLE = YES;
				IPHONEOS_DEPLOYMENT_TARGET = 17.0;
				LOCALIZATION_PREFERS_STRING_CATALOGS = YES;
				MTL_ENABLE_DEBUG_INFO = INCLUDE_SOURCE;
				MTL_FAST_MATH = YES;
				ONLY_ACTIVE_ARCH = YES;
				SDKROOT = iphoneos;
				SWIFT_ACTIVE_COMPILATION_CONDITIONS = "DEBUG $(inherited)";
				SWIFT_OPTIMIZATION_LEVEL = "-Onone";
			};
			name = Debug;
		};
		B94F92372B660CAB00B8D753 /* Release */ = {
			isa = XCBuildConfiguration;
			buildSettings = {
				ALWAYS_SEARCH_USER_PATHS = NO;
				ASSETCATALOG_COMPILER_GENERATE_SWIFT_ASSET_SYMBOL_EXTENSIONS = YES;
				CLANG_ANALYZER_NONNULL = YES;
				CLANG_ANALYZER_NUMBER_OBJECT_CONVERSION = YES_AGGRESSIVE;
				CLANG_CXX_LANGUAGE_STANDARD = "gnu++20";
				CLANG_ENABLE_MODULES = YES;
				CLANG_ENABLE_OBJC_ARC = YES;
				CLANG_ENABLE_OBJC_WEAK = YES;
				CLANG_WARN_BLOCK_CAPTURE_AUTORELEASING = YES;
				CLANG_WARN_BOOL_CONVERSION = YES;
				CLANG_WARN_COMMA = YES;
				CLANG_WARN_CONSTANT_CONVERSION = YES;
				CLANG_WARN_DEPRECATED_OBJC_IMPLEMENTATIONS = YES;
				CLANG_WARN_DIRECT_OBJC_ISA_USAGE = YES_ERROR;
				CLANG_WARN_DOCUMENTATION_COMMENTS = YES;
				CLANG_WARN_EMPTY_BODY = YES;
				CLANG_WARN_ENUM_CONVERSION = YES;
				CLANG_WARN_INFINITE_RECURSION = YES;
				CLANG_WARN_INT_CONVERSION = YES;
				CLANG_WARN_NON_LITERAL_NULL_CONVERSION = YES;
				CLANG_WARN_OBJC_IMPLICIT_RETAIN_SELF = YES;
				CLANG_WARN_OBJC_LITERAL_CONVERSION = YES;
				CLANG_WARN_OBJC_ROOT_CLASS = YES_ERROR;
				CLANG_WARN_QUOTED_INCLUDE_IN_FRAMEWORK_HEADER = YES;
				CLANG_WARN_RANGE_LOOP_ANALYSIS = YES;
				CLANG_WARN_STRICT_PROTOTYPES = YES;
				CLANG_WARN_SUSPICIOUS_MOVE = YES;
				CLANG_WARN_UNGUARDED_AVAILABILITY = YES_AGGRESSIVE;
				CLANG_WARN_UNREACHABLE_CODE = YES;
				CLANG_WARN__DUPLICATE_METHOD_MATCH = YES;
				COPY_PHASE_STRIP = NO;
				DEBUG_INFORMATION_FORMAT = "dwarf-with-dsym";
				ENABLE_NS_ASSERTIONS = NO;
				ENABLE_STRICT_OBJC_MSGSEND = YES;
				ENABLE_USER_SCRIPT_SANDBOXING = YES;
				GCC_C_LANGUAGE_STANDARD = gnu17;
				GCC_NO_COMMON_BLOCKS = YES;
				GCC_WARN_64_TO_32_BIT_CONVERSION = YES;
				GCC_WARN_ABOUT_RETURN_TYPE = YES_ERROR;
				GCC_WARN_UNDECLARED_SELECTOR = YES;
				GCC_WARN_UNINITIALIZED_AUTOS = YES_AGGRESSIVE;
				GCC_WARN_UNUSED_FUNCTION = YES;
				GCC_WARN_UNUSED_VARIABLE = YES;
				IPHONEOS_DEPLOYMENT_TARGET = 17.0;
				LOCALIZATION_PREFERS_STRING_CATALOGS = YES;
				MTL_ENABLE_DEBUG_INFO = NO;
				MTL_FAST_MATH = YES;
				SDKROOT = iphoneos;
				SWIFT_COMPILATION_MODE = wholemodule;
				VALIDATE_PRODUCT = YES;
			};
			name = Release;
		};
		B94F92392B660CAB00B8D753 /* Debug */ = {
			isa = XCBuildConfiguration;
			buildSettings = {
				ASSETCATALOG_COMPILER_APPICON_NAME = AppIcon;
				ASSETCATALOG_COMPILER_GLOBAL_ACCENT_COLOR_NAME = AccentColor;
				CODE_SIGN_STYLE = Automatic;
				CURRENT_PROJECT_VERSION = 1;
				DEVELOPMENT_ASSET_PATHS = "\"SmartlySplit/Preview Content\"";
				DEVELOPMENT_TEAM = 89ATMSP8HY;
				ENABLE_PREVIEWS = YES;
				GENERATE_INFOPLIST_FILE = YES;
				INFOPLIST_KEY_UIApplicationSceneManifest_Generation = YES;
				INFOPLIST_KEY_UIApplicationSupportsIndirectInputEvents = YES;
				INFOPLIST_KEY_UILaunchScreen_Generation = YES;
				INFOPLIST_KEY_UISupportedInterfaceOrientations_iPad = "UIInterfaceOrientationPortrait UIInterfaceOrientationPortraitUpsideDown UIInterfaceOrientationLandscapeLeft UIInterfaceOrientationLandscapeRight";
				INFOPLIST_KEY_UISupportedInterfaceOrientations_iPhone = "UIInterfaceOrientationPortrait UIInterfaceOrientationLandscapeLeft UIInterfaceOrientationLandscapeRight";
				LD_RUNPATH_SEARCH_PATHS = (
					"$(inherited)",
					"@executable_path/Frameworks",
				);
				MARKETING_VERSION = 1.0;
				PRODUCT_BUNDLE_IDENTIFIER = shagotvkey.SmartlySplit;
				PRODUCT_NAME = "$(TARGET_NAME)";
				SWIFT_EMIT_LOC_STRINGS = YES;
				SWIFT_VERSION = 5.0;
				TARGETED_DEVICE_FAMILY = "1,2";
			};
			name = Debug;
		};
		B94F923A2B660CAB00B8D753 /* Release */ = {
			isa = XCBuildConfiguration;
			buildSettings = {
				ASSETCATALOG_COMPILER_APPICON_NAME = AppIcon;
				ASSETCATALOG_COMPILER_GLOBAL_ACCENT_COLOR_NAME = AccentColor;
				CODE_SIGN_STYLE = Automatic;
				CURRENT_PROJECT_VERSION = 1;
				DEVELOPMENT_ASSET_PATHS = "\"SmartlySplit/Preview Content\"";
				DEVELOPMENT_TEAM = 89ATMSP8HY;
				ENABLE_PREVIEWS = YES;
				GENERATE_INFOPLIST_FILE = YES;
				INFOPLIST_KEY_UIApplicationSceneManifest_Generation = YES;
				INFOPLIST_KEY_UIApplicationSupportsIndirectInputEvents = YES;
				INFOPLIST_KEY_UILaunchScreen_Generation = YES;
				INFOPLIST_KEY_UISupportedInterfaceOrientations_iPad = "UIInterfaceOrientationPortrait UIInterfaceOrientationPortraitUpsideDown UIInterfaceOrientationLandscapeLeft UIInterfaceOrientationLandscapeRight";
				INFOPLIST_KEY_UISupportedInterfaceOrientations_iPhone = "UIInterfaceOrientationPortrait UIInterfaceOrientationLandscapeLeft UIInterfaceOrientationLandscapeRight";
				LD_RUNPATH_SEARCH_PATHS = (
					"$(inherited)",
					"@executable_path/Frameworks",
				);
				MARKETING_VERSION = 1.0;
				PRODUCT_BUNDLE_IDENTIFIER = shagotvkey.SmartlySplit;
				PRODUCT_NAME = "$(TARGET_NAME)";
				SWIFT_EMIT_LOC_STRINGS = YES;
				SWIFT_VERSION = 5.0;
				TARGETED_DEVICE_FAMILY = "1,2";
			};
			name = Release;
		};
		B94F923C2B660CAB00B8D753 /* Debug */ = {
			isa = XCBuildConfiguration;
			buildSettings = {
				ALWAYS_EMBED_SWIFT_STANDARD_LIBRARIES = YES;
				BUNDLE_LOADER = "$(TEST_HOST)";
				CODE_SIGN_STYLE = Automatic;
				CURRENT_PROJECT_VERSION = 1;
				DEVELOPMENT_TEAM = 89ATMSP8HY;
				GENERATE_INFOPLIST_FILE = YES;
				IPHONEOS_DEPLOYMENT_TARGET = 17.0;
				MARKETING_VERSION = 1.0;
				PRODUCT_BUNDLE_IDENTIFIER = shagotvkey.SmartlySplitTests;
				PRODUCT_NAME = "$(TARGET_NAME)";
				SWIFT_EMIT_LOC_STRINGS = NO;
				SWIFT_VERSION = 5.0;
				TARGETED_DEVICE_FAMILY = "1,2";
				TEST_HOST = "$(BUILT_PRODUCTS_DIR)/SmartlySplit.app/$(BUNDLE_EXECUTABLE_FOLDER_PATH)/SmartlySplit";
			};
			name = Debug;
		};
		B94F923D2B660CAB00B8D753 /* Release */ = {
			isa = XCBuildConfiguration;
			buildSettings = {
				ALWAYS_EMBED_SWIFT_STANDARD_LIBRARIES = YES;
				BUNDLE_LOADER = "$(TEST_HOST)";
				CODE_SIGN_STYLE = Automatic;
				CURRENT_PROJECT_VERSION = 1;
				DEVELOPMENT_TEAM = 89ATMSP8HY;
				GENERATE_INFOPLIST_FILE = YES;
				IPHONEOS_DEPLOYMENT_TARGET = 17.0;
				MARKETING_VERSION = 1.0;
				PRODUCT_BUNDLE_IDENTIFIER = shagotvkey.SmartlySplitTests;
				PRODUCT_NAME = "$(TARGET_NAME)";
				SWIFT_EMIT_LOC_STRINGS = NO;
				SWIFT_VERSION = 5.0;
				TARGETED_DEVICE_FAMILY = "1,2";
				TEST_HOST = "$(BUILT_PRODUCTS_DIR)/SmartlySplit.app/$(BUNDLE_EXECUTABLE_FOLDER_PATH)/SmartlySplit";
			};
			name = Release;
		};
		B94F923F2B660CAB00B8D753 /* Debug */ = {
			isa = XCBuildConfiguration;
			buildSettings = {
				ALWAYS_EMBED_SWIFT_STANDARD_LIBRARIES = YES;
				CODE_SIGN_STYLE = Automatic;
				CURRENT_PROJECT_VERSION = 1;
				DEVELOPMENT_TEAM = 89ATMSP8HY;
				GENERATE_INFOPLIST_FILE = YES;
				MARKETING_VERSION = 1.0;
				PRODUCT_BUNDLE_IDENTIFIER = shagotvkey.SmartlySplitUITests;
				PRODUCT_NAME = "$(TARGET_NAME)";
				SWIFT_EMIT_LOC_STRINGS = NO;
				SWIFT_VERSION = 5.0;
				TARGETED_DEVICE_FAMILY = "1,2";
				TEST_TARGET_NAME = SmartlySplit;
			};
			name = Debug;
		};
		B94F92402B660CAB00B8D753 /* Release */ = {
			isa = XCBuildConfiguration;
			buildSettings = {
				ALWAYS_EMBED_SWIFT_STANDARD_LIBRARIES = YES;
				CODE_SIGN_STYLE = Automatic;
				CURRENT_PROJECT_VERSION = 1;
				DEVELOPMENT_TEAM = 89ATMSP8HY;
				GENERATE_INFOPLIST_FILE = YES;
				MARKETING_VERSION = 1.0;
				PRODUCT_BUNDLE_IDENTIFIER = shagotvkey.SmartlySplitUITests;
				PRODUCT_NAME = "$(TARGET_NAME)";
				SWIFT_EMIT_LOC_STRINGS = NO;
				SWIFT_VERSION = 5.0;
				TARGETED_DEVICE_FAMILY = "1,2";
				TEST_TARGET_NAME = SmartlySplit;
			};
			name = Release;
		};
/* End XCBuildConfiguration section */

/* Begin XCConfigurationList section */
		B94F920D2B660CAB00B8D753 /* Build configuration list for PBXProject "SmartlySplit" */ = {
			isa = XCConfigurationList;
			buildConfigurations = (
				B94F92362B660CAB00B8D753 /* Debug */,
				B94F92372B660CAB00B8D753 /* Release */,
			);
			defaultConfigurationIsVisible = 0;
			defaultConfigurationName = Release;
		};
		B94F92382B660CAB00B8D753 /* Build configuration list for PBXNativeTarget "SmartlySplit" */ = {
			isa = XCConfigurationList;
			buildConfigurations = (
				B94F92392B660CAB00B8D753 /* Debug */,
				B94F923A2B660CAB00B8D753 /* Release */,
			);
			defaultConfigurationIsVisible = 0;
			defaultConfigurationName = Release;
		};
		B94F923B2B660CAB00B8D753 /* Build configuration list for PBXNativeTarget "SmartlySplitTests" */ = {
			isa = XCConfigurationList;
			buildConfigurations = (
				B94F923C2B660CAB00B8D753 /* Debug */,
				B94F923D2B660CAB00B8D753 /* Release */,
			);
			defaultConfigurationIsVisible = 0;
			defaultConfigurationName = Release;
		};
		B94F923E2B660CAB00B8D753 /* Build configuration list for PBXNativeTarget "SmartlySplitUITests" */ = {
			isa = XCConfigurationList;
			buildConfigurations = (
				B94F923F2B660CAB00B8D753 /* Debug */,
				B94F92402B660CAB00B8D753 /* Release */,
			);
			defaultConfigurationIsVisible = 0;
			defaultConfigurationName = Release;
		};
/* End XCConfigurationList section */
	};
	rootObject = B94F920A2B660CAB00B8D753 /* Project object */;
}
